
Microsoft Visual Studio Solution File, Format Version 12.00
# Visual Studio Version 17
VisualStudioVersion = 17.1.31911.260
MinimumVisualStudioVersion = 10.0.40219.1
Project("{2150E333-8FDC-42A3-9474-1A3956D46DE8}") = "Samples", "Samples", "{2E9ED2C0-0C15-4890-8070-4A3B8A5C7704}"
EndProject
Project("{9A19103F-16F7-4668-BE54-9A1E7A4F7556}") = "LiveChartsCore", "src\LiveChartsCore\LiveChartsCore.csproj", "{B4853153-B34F-4909-9B8F-A0AD00A3EE85}"
EndProject
Project("{9A19103F-16F7-4668-BE54-9A1E7A4F7556}") = "LiveChartsCore.SkiaSharpView", "src\skiasharp\LiveChartsCore.SkiaSharp\LiveChartsCore.SkiaSharpView.csproj", "{3B6F3FA0-D35D-49DB-90DA-709CC481CEEE}"
EndProject
Project("{9A19103F-16F7-4668-BE54-9A1E7A4F7556}") = "ViewModelsSamples", "samples\ViewModelsSamples\ViewModelsSamples.csproj", "{BDE9C3D2-5801-4BE1-B79E-63686D04CE0F}"
EndProject
Project("{2150E333-8FDC-42A3-9474-1A3956D46DE8}") = "Solution Items", "Solution Items", "{6C85F7EC-A3CB-4DBD-A9B1-3D43F70EFADD}"
	ProjectSection(SolutionItems) = preProject
		.editorconfig = .editorconfig
	EndProjectSection
EndProject
Project("{9A19103F-16F7-4668-BE54-9A1E7A4F7556}") = "LiveChartsCore.SkiaSharpView.Godot", "src\skiasharp\LiveChartsCore.SkiaSharpView.Godot\LiveChartsCore.SkiaSharpView.Godot.csproj", "{85BE800A-7FDC-4442-9013-8993C2039516}"
EndProject
Project("{9A19103F-16F7-4668-BE54-9A1E7A4F7556}") = "GodotSample", "samples\GodotSample\GodotSample.csproj", "{D536E696-1452-4310-9326-F45A5815E9F1}"
EndProject
Global
	GlobalSection(SolutionConfigurationPlatforms) = preSolution
		Ad-Hoc|Any CPU = Ad-Hoc|Any CPU
		Ad-Hoc|ARM = Ad-Hoc|ARM
		Ad-Hoc|ARM64 = Ad-Hoc|ARM64
		Ad-Hoc|iPhone = Ad-Hoc|iPhone
		Ad-Hoc|iPhoneSimulator = Ad-Hoc|iPhoneSimulator
		Ad-Hoc|x64 = Ad-Hoc|x64
		Ad-Hoc|x86 = Ad-Hoc|x86
		AppStore|Any CPU = AppStore|Any CPU
		AppStore|ARM = AppStore|ARM
		AppStore|ARM64 = AppStore|ARM64
		AppStore|iPhone = AppStore|iPhone
		AppStore|iPhoneSimulator = AppStore|iPhoneSimulator
		AppStore|x64 = AppStore|x64
		AppStore|x86 = AppStore|x86
		Debug|Any CPU = Debug|Any CPU
		Debug|ARM = Debug|ARM
		Debug|ARM64 = Debug|ARM64
		Debug|iPhone = Debug|iPhone
		Debug|iPhoneSimulator = Debug|iPhoneSimulator
		Debug|x64 = Debug|x64
		Debug|x86 = Debug|x86
		ExportDebug|Any CPU = ExportDebug|Any CPU
		ExportDebug|ARM = ExportDebug|ARM
		ExportDebug|ARM64 = ExportDebug|ARM64
		ExportDebug|iPhone = ExportDebug|iPhone
		ExportDebug|iPhoneSimulator = ExportDebug|iPhoneSimulator
		ExportDebug|x64 = ExportDebug|x64
		ExportDebug|x86 = ExportDebug|x86
		ExportRelease|Any CPU = ExportRelease|Any CPU
		ExportRelease|ARM = ExportRelease|ARM
		ExportRelease|ARM64 = ExportRelease|ARM64
		ExportRelease|iPhone = ExportRelease|iPhone
		ExportRelease|iPhoneSimulator = ExportRelease|iPhoneSimulator
		ExportRelease|x64 = ExportRelease|x64
		ExportRelease|x86 = ExportRelease|x86
		Release|Any CPU = Release|Any CPU
		Release|ARM = Release|ARM
		Release|ARM64 = Release|ARM64
		Release|iPhone = Release|iPhone
		Release|iPhoneSimulator = Release|iPhoneSimulator
		Release|x64 = Release|x64
		Release|x86 = Release|x86
	EndGlobalSection
	GlobalSection(ProjectConfigurationPlatforms) = postSolution
		{B4853153-B34F-4909-9B8F-A0AD00A3EE85}.Ad-Hoc|Any CPU.ActiveCfg = Release|Any CPU
		{B4853153-B34F-4909-9B8F-A0AD00A3EE85}.Ad-Hoc|Any CPU.Build.0 = Release|Any CPU
		{B4853153-B34F-4909-9B8F-A0AD00A3EE85}.Ad-Hoc|ARM.ActiveCfg = Release|Any CPU
		{B4853153-B34F-4909-9B8F-A0AD00A3EE85}.Ad-Hoc|ARM.Build.0 = Release|Any CPU
		{B4853153-B34F-4909-9B8F-A0AD00A3EE85}.Ad-Hoc|ARM64.ActiveCfg = Release|Any CPU
		{B4853153-B34F-4909-9B8F-A0AD00A3EE85}.Ad-Hoc|ARM64.Build.0 = Release|Any CPU
		{B4853153-B34F-4909-9B8F-A0AD00A3EE85}.Ad-Hoc|iPhone.ActiveCfg = Release|Any CPU
		{B4853153-B34F-4909-9B8F-A0AD00A3EE85}.Ad-Hoc|iPhone.Build.0 = Release|Any CPU
		{B4853153-B34F-4909-9B8F-A0AD00A3EE85}.Ad-Hoc|iPhoneSimulator.ActiveCfg = Release|Any CPU
		{B4853153-B34F-4909-9B8F-A0AD00A3EE85}.Ad-Hoc|iPhoneSimulator.Build.0 = Release|Any CPU
		{B4853153-B34F-4909-9B8F-A0AD00A3EE85}.Ad-Hoc|x64.ActiveCfg = Release|Any CPU
		{B4853153-B34F-4909-9B8F-A0AD00A3EE85}.Ad-Hoc|x64.Build.0 = Release|Any CPU
		{B4853153-B34F-4909-9B8F-A0AD00A3EE85}.Ad-Hoc|x86.ActiveCfg = Release|Any CPU
		{B4853153-B34F-4909-9B8F-A0AD00A3EE85}.Ad-Hoc|x86.Build.0 = Release|Any CPU
		{B4853153-B34F-4909-9B8F-A0AD00A3EE85}.AppStore|Any CPU.ActiveCfg = Release|Any CPU
		{B4853153-B34F-4909-9B8F-A0AD00A3EE85}.AppStore|Any CPU.Build.0 = Release|Any CPU
		{B4853153-B34F-4909-9B8F-A0AD00A3EE85}.AppStore|ARM.ActiveCfg = Release|Any CPU
		{B4853153-B34F-4909-9B8F-A0AD00A3EE85}.AppStore|ARM.Build.0 = Release|Any CPU
		{B4853153-B34F-4909-9B8F-A0AD00A3EE85}.AppStore|ARM64.ActiveCfg = Release|Any CPU
		{B4853153-B34F-4909-9B8F-A0AD00A3EE85}.AppStore|ARM64.Build.0 = Release|Any CPU
		{B4853153-B34F-4909-9B8F-A0AD00A3EE85}.AppStore|iPhone.ActiveCfg = Release|Any CPU
		{B4853153-B34F-4909-9B8F-A0AD00A3EE85}.AppStore|iPhone.Build.0 = Release|Any CPU
		{B4853153-B34F-4909-9B8F-A0AD00A3EE85}.AppStore|iPhoneSimulator.ActiveCfg = Release|Any CPU
		{B4853153-B34F-4909-9B8F-A0AD00A3EE85}.AppStore|iPhoneSimulator.Build.0 = Release|Any CPU
		{B4853153-B34F-4909-9B8F-A0AD00A3EE85}.AppStore|x64.ActiveCfg = Release|Any CPU
		{B4853153-B34F-4909-9B8F-A0AD00A3EE85}.AppStore|x64.Build.0 = Release|Any CPU
		{B4853153-B34F-4909-9B8F-A0AD00A3EE85}.AppStore|x86.ActiveCfg = Release|Any CPU
		{B4853153-B34F-4909-9B8F-A0AD00A3EE85}.AppStore|x86.Build.0 = Release|Any CPU
		{B4853153-B34F-4909-9B8F-A0AD00A3EE85}.Debug|Any CPU.ActiveCfg = Debug|Any CPU
		{B4853153-B34F-4909-9B8F-A0AD00A3EE85}.Debug|Any CPU.Build.0 = Debug|Any CPU
		{B4853153-B34F-4909-9B8F-A0AD00A3EE85}.Debug|ARM.ActiveCfg = Debug|Any CPU
		{B4853153-B34F-4909-9B8F-A0AD00A3EE85}.Debug|ARM.Build.0 = Debug|Any CPU
		{B4853153-B34F-4909-9B8F-A0AD00A3EE85}.Debug|ARM64.ActiveCfg = Debug|Any CPU
		{B4853153-B34F-4909-9B8F-A0AD00A3EE85}.Debug|ARM64.Build.0 = Debug|Any CPU
		{B4853153-B34F-4909-9B8F-A0AD00A3EE85}.Debug|iPhone.ActiveCfg = Debug|Any CPU
		{B4853153-B34F-4909-9B8F-A0AD00A3EE85}.Debug|iPhone.Build.0 = Debug|Any CPU
		{B4853153-B34F-4909-9B8F-A0AD00A3EE85}.Debug|iPhoneSimulator.ActiveCfg = Debug|Any CPU
		{B4853153-B34F-4909-9B8F-A0AD00A3EE85}.Debug|iPhoneSimulator.Build.0 = Debug|Any CPU
		{B4853153-B34F-4909-9B8F-A0AD00A3EE85}.Debug|x64.ActiveCfg = Debug|Any CPU
		{B4853153-B34F-4909-9B8F-A0AD00A3EE85}.Debug|x64.Build.0 = Debug|Any CPU
		{B4853153-B34F-4909-9B8F-A0AD00A3EE85}.Debug|x86.ActiveCfg = Debug|Any CPU
		{B4853153-B34F-4909-9B8F-A0AD00A3EE85}.Debug|x86.Build.0 = Debug|Any CPU
		{B4853153-B34F-4909-9B8F-A0AD00A3EE85}.ExportDebug|Any CPU.ActiveCfg = Debug|Any CPU
		{B4853153-B34F-4909-9B8F-A0AD00A3EE85}.ExportDebug|Any CPU.Build.0 = Debug|Any CPU
		{B4853153-B34F-4909-9B8F-A0AD00A3EE85}.ExportDebug|ARM.ActiveCfg = Debug|Any CPU
		{B4853153-B34F-4909-9B8F-A0AD00A3EE85}.ExportDebug|ARM.Build.0 = Debug|Any CPU
		{B4853153-B34F-4909-9B8F-A0AD00A3EE85}.ExportDebug|ARM64.ActiveCfg = Debug|Any CPU
		{B4853153-B34F-4909-9B8F-A0AD00A3EE85}.ExportDebug|ARM64.Build.0 = Debug|Any CPU
		{B4853153-B34F-4909-9B8F-A0AD00A3EE85}.ExportDebug|iPhone.ActiveCfg = Debug|Any CPU
		{B4853153-B34F-4909-9B8F-A0AD00A3EE85}.ExportDebug|iPhone.Build.0 = Debug|Any CPU
		{B4853153-B34F-4909-9B8F-A0AD00A3EE85}.ExportDebug|iPhoneSimulator.ActiveCfg = Debug|Any CPU
		{B4853153-B34F-4909-9B8F-A0AD00A3EE85}.ExportDebug|iPhoneSimulator.Build.0 = Debug|Any CPU
		{B4853153-B34F-4909-9B8F-A0AD00A3EE85}.ExportDebug|x64.ActiveCfg = Debug|Any CPU
		{B4853153-B34F-4909-9B8F-A0AD00A3EE85}.ExportDebug|x64.Build.0 = Debug|Any CPU
		{B4853153-B34F-4909-9B8F-A0AD00A3EE85}.ExportDebug|x86.ActiveCfg = Debug|Any CPU
		{B4853153-B34F-4909-9B8F-A0AD00A3EE85}.ExportDebug|x86.Build.0 = Debug|Any CPU
		{B4853153-B34F-4909-9B8F-A0AD00A3EE85}.ExportRelease|Any CPU.ActiveCfg = Release|Any CPU
		{B4853153-B34F-4909-9B8F-A0AD00A3EE85}.ExportRelease|Any CPU.Build.0 = Release|Any CPU
		{B4853153-B34F-4909-9B8F-A0AD00A3EE85}.ExportRelease|ARM.ActiveCfg = Release|Any CPU
		{B4853153-B34F-4909-9B8F-A0AD00A3EE85}.ExportRelease|ARM.Build.0 = Release|Any CPU
		{B4853153-B34F-4909-9B8F-A0AD00A3EE85}.ExportRelease|ARM64.ActiveCfg = Release|Any CPU
		{B4853153-B34F-4909-9B8F-A0AD00A3EE85}.ExportRelease|ARM64.Build.0 = Release|Any CPU
		{B4853153-B34F-4909-9B8F-A0AD00A3EE85}.ExportRelease|iPhone.ActiveCfg = Release|Any CPU
		{B4853153-B34F-4909-9B8F-A0AD00A3EE85}.ExportRelease|iPhone.Build.0 = Release|Any CPU
		{B4853153-B34F-4909-9B8F-A0AD00A3EE85}.ExportRelease|iPhoneSimulator.ActiveCfg = Release|Any CPU
		{B4853153-B34F-4909-9B8F-A0AD00A3EE85}.ExportRelease|iPhoneSimulator.Build.0 = Release|Any CPU
		{B4853153-B34F-4909-9B8F-A0AD00A3EE85}.ExportRelease|x64.ActiveCfg = Release|Any CPU
		{B4853153-B34F-4909-9B8F-A0AD00A3EE85}.ExportRelease|x64.Build.0 = Release|Any CPU
		{B4853153-B34F-4909-9B8F-A0AD00A3EE85}.ExportRelease|x86.ActiveCfg = Release|Any CPU
		{B4853153-B34F-4909-9B8F-A0AD00A3EE85}.ExportRelease|x86.Build.0 = Release|Any CPU
		{B4853153-B34F-4909-9B8F-A0AD00A3EE85}.Release|Any CPU.ActiveCfg = Release|Any CPU
		{B4853153-B34F-4909-9B8F-A0AD00A3EE85}.Release|Any CPU.Build.0 = Release|Any CPU
		{B4853153-B34F-4909-9B8F-A0AD00A3EE85}.Release|ARM.ActiveCfg = Release|Any CPU
		{B4853153-B34F-4909-9B8F-A0AD00A3EE85}.Release|ARM.Build.0 = Release|Any CPU
		{B4853153-B34F-4909-9B8F-A0AD00A3EE85}.Release|ARM64.ActiveCfg = Release|Any CPU
		{B4853153-B34F-4909-9B8F-A0AD00A3EE85}.Release|ARM64.Build.0 = Release|Any CPU
		{B4853153-B34F-4909-9B8F-A0AD00A3EE85}.Release|iPhone.ActiveCfg = Release|Any CPU
		{B4853153-B34F-4909-9B8F-A0AD00A3EE85}.Release|iPhone.Build.0 = Release|Any CPU
		{B4853153-B34F-4909-9B8F-A0AD00A3EE85}.Release|iPhoneSimulator.ActiveCfg = Release|Any CPU
		{B4853153-B34F-4909-9B8F-A0AD00A3EE85}.Release|iPhoneSimulator.Build.0 = Release|Any CPU
		{B4853153-B34F-4909-9B8F-A0AD00A3EE85}.Release|x64.ActiveCfg = Release|Any CPU
		{B4853153-B34F-4909-9B8F-A0AD00A3EE85}.Release|x64.Build.0 = Release|Any CPU
		{B4853153-B34F-4909-9B8F-A0AD00A3EE85}.Release|x86.ActiveCfg = Release|Any CPU
		{B4853153-B34F-4909-9B8F-A0AD00A3EE85}.Release|x86.Build.0 = Release|Any CPU
		{3B6F3FA0-D35D-49DB-90DA-709CC481CEEE}.Ad-Hoc|Any CPU.ActiveCfg = Release|Any CPU
		{3B6F3FA0-D35D-49DB-90DA-709CC481CEEE}.Ad-Hoc|Any CPU.Build.0 = Release|Any CPU
		{3B6F3FA0-D35D-49DB-90DA-709CC481CEEE}.Ad-Hoc|ARM.ActiveCfg = Release|Any CPU
		{3B6F3FA0-D35D-49DB-90DA-709CC481CEEE}.Ad-Hoc|ARM.Build.0 = Release|Any CPU
		{3B6F3FA0-D35D-49DB-90DA-709CC481CEEE}.Ad-Hoc|ARM64.ActiveCfg = Release|Any CPU
		{3B6F3FA0-D35D-49DB-90DA-709CC481CEEE}.Ad-Hoc|ARM64.Build.0 = Release|Any CPU
		{3B6F3FA0-D35D-49DB-90DA-709CC481CEEE}.Ad-Hoc|iPhone.ActiveCfg = Release|Any CPU
		{3B6F3FA0-D35D-49DB-90DA-709CC481CEEE}.Ad-Hoc|iPhone.Build.0 = Release|Any CPU
		{3B6F3FA0-D35D-49DB-90DA-709CC481CEEE}.Ad-Hoc|iPhoneSimulator.ActiveCfg = Release|Any CPU
		{3B6F3FA0-D35D-49DB-90DA-709CC481CEEE}.Ad-Hoc|iPhoneSimulator.Build.0 = Release|Any CPU
		{3B6F3FA0-D35D-49DB-90DA-709CC481CEEE}.Ad-Hoc|x64.ActiveCfg = Release|Any CPU
		{3B6F3FA0-D35D-49DB-90DA-709CC481CEEE}.Ad-Hoc|x64.Build.0 = Release|Any CPU
		{3B6F3FA0-D35D-49DB-90DA-709CC481CEEE}.Ad-Hoc|x86.ActiveCfg = Release|Any CPU
		{3B6F3FA0-D35D-49DB-90DA-709CC481CEEE}.Ad-Hoc|x86.Build.0 = Release|Any CPU
		{3B6F3FA0-D35D-49DB-90DA-709CC481CEEE}.AppStore|Any CPU.ActiveCfg = Release|Any CPU
		{3B6F3FA0-D35D-49DB-90DA-709CC481CEEE}.AppStore|Any CPU.Build.0 = Release|Any CPU
		{3B6F3FA0-D35D-49DB-90DA-709CC481CEEE}.AppStore|ARM.ActiveCfg = Release|Any CPU
		{3B6F3FA0-D35D-49DB-90DA-709CC481CEEE}.AppStore|ARM.Build.0 = Release|Any CPU
		{3B6F3FA0-D35D-49DB-90DA-709CC481CEEE}.AppStore|ARM64.ActiveCfg = Release|Any CPU
		{3B6F3FA0-D35D-49DB-90DA-709CC481CEEE}.AppStore|ARM64.Build.0 = Release|Any CPU
		{3B6F3FA0-D35D-49DB-90DA-709CC481CEEE}.AppStore|iPhone.ActiveCfg = Release|Any CPU
		{3B6F3FA0-D35D-49DB-90DA-709CC481CEEE}.AppStore|iPhone.Build.0 = Release|Any CPU
		{3B6F3FA0-D35D-49DB-90DA-709CC481CEEE}.AppStore|iPhoneSimulator.ActiveCfg = Release|Any CPU
		{3B6F3FA0-D35D-49DB-90DA-709CC481CEEE}.AppStore|iPhoneSimulator.Build.0 = Release|Any CPU
		{3B6F3FA0-D35D-49DB-90DA-709CC481CEEE}.AppStore|x64.ActiveCfg = Release|Any CPU
		{3B6F3FA0-D35D-49DB-90DA-709CC481CEEE}.AppStore|x64.Build.0 = Release|Any CPU
		{3B6F3FA0-D35D-49DB-90DA-709CC481CEEE}.AppStore|x86.ActiveCfg = Release|Any CPU
		{3B6F3FA0-D35D-49DB-90DA-709CC481CEEE}.AppStore|x86.Build.0 = Release|Any CPU
		{3B6F3FA0-D35D-49DB-90DA-709CC481CEEE}.Debug|Any CPU.ActiveCfg = Debug|Any CPU
		{3B6F3FA0-D35D-49DB-90DA-709CC481CEEE}.Debug|Any CPU.Build.0 = Debug|Any CPU
		{3B6F3FA0-D35D-49DB-90DA-709CC481CEEE}.Debug|ARM.ActiveCfg = Debug|Any CPU
		{3B6F3FA0-D35D-49DB-90DA-709CC481CEEE}.Debug|ARM.Build.0 = Debug|Any CPU
		{3B6F3FA0-D35D-49DB-90DA-709CC481CEEE}.Debug|ARM64.ActiveCfg = Debug|Any CPU
		{3B6F3FA0-D35D-49DB-90DA-709CC481CEEE}.Debug|ARM64.Build.0 = Debug|Any CPU
		{3B6F3FA0-D35D-49DB-90DA-709CC481CEEE}.Debug|iPhone.ActiveCfg = Debug|Any CPU
		{3B6F3FA0-D35D-49DB-90DA-709CC481CEEE}.Debug|iPhone.Build.0 = Debug|Any CPU
		{3B6F3FA0-D35D-49DB-90DA-709CC481CEEE}.Debug|iPhoneSimulator.ActiveCfg = Debug|Any CPU
		{3B6F3FA0-D35D-49DB-90DA-709CC481CEEE}.Debug|iPhoneSimulator.Build.0 = Debug|Any CPU
		{3B6F3FA0-D35D-49DB-90DA-709CC481CEEE}.Debug|x64.ActiveCfg = Debug|Any CPU
		{3B6F3FA0-D35D-49DB-90DA-709CC481CEEE}.Debug|x64.Build.0 = Debug|Any CPU
		{3B6F3FA0-D35D-49DB-90DA-709CC481CEEE}.Debug|x86.ActiveCfg = Debug|Any CPU
		{3B6F3FA0-D35D-49DB-90DA-709CC481CEEE}.Debug|x86.Build.0 = Debug|Any CPU
		{3B6F3FA0-D35D-49DB-90DA-709CC481CEEE}.ExportDebug|Any CPU.ActiveCfg = Debug|Any CPU
		{3B6F3FA0-D35D-49DB-90DA-709CC481CEEE}.ExportDebug|Any CPU.Build.0 = Debug|Any CPU
		{3B6F3FA0-D35D-49DB-90DA-709CC481CEEE}.ExportDebug|ARM.ActiveCfg = Debug|Any CPU
		{3B6F3FA0-D35D-49DB-90DA-709CC481CEEE}.ExportDebug|ARM.Build.0 = Debug|Any CPU
		{3B6F3FA0-D35D-49DB-90DA-709CC481CEEE}.ExportDebug|ARM64.ActiveCfg = Debug|Any CPU
		{3B6F3FA0-D35D-49DB-90DA-709CC481CEEE}.ExportDebug|ARM64.Build.0 = Debug|Any CPU
		{3B6F3FA0-D35D-49DB-90DA-709CC481CEEE}.ExportDebug|iPhone.ActiveCfg = Debug|Any CPU
		{3B6F3FA0-D35D-49DB-90DA-709CC481CEEE}.ExportDebug|iPhone.Build.0 = Debug|Any CPU
		{3B6F3FA0-D35D-49DB-90DA-709CC481CEEE}.ExportDebug|iPhoneSimulator.ActiveCfg = Debug|Any CPU
		{3B6F3FA0-D35D-49DB-90DA-709CC481CEEE}.ExportDebug|iPhoneSimulator.Build.0 = Debug|Any CPU
		{3B6F3FA0-D35D-49DB-90DA-709CC481CEEE}.ExportDebug|x64.ActiveCfg = Debug|Any CPU
		{3B6F3FA0-D35D-49DB-90DA-709CC481CEEE}.ExportDebug|x64.Build.0 = Debug|Any CPU
		{3B6F3FA0-D35D-49DB-90DA-709CC481CEEE}.ExportDebug|x86.ActiveCfg = Debug|Any CPU
		{3B6F3FA0-D35D-49DB-90DA-709CC481CEEE}.ExportDebug|x86.Build.0 = Debug|Any CPU
		{3B6F3FA0-D35D-49DB-90DA-709CC481CEEE}.ExportRelease|Any CPU.ActiveCfg = Release|Any CPU
		{3B6F3FA0-D35D-49DB-90DA-709CC481CEEE}.ExportRelease|Any CPU.Build.0 = Release|Any CPU
		{3B6F3FA0-D35D-49DB-90DA-709CC481CEEE}.ExportRelease|ARM.ActiveCfg = Release|Any CPU
		{3B6F3FA0-D35D-49DB-90DA-709CC481CEEE}.ExportRelease|ARM.Build.0 = Release|Any CPU
		{3B6F3FA0-D35D-49DB-90DA-709CC481CEEE}.ExportRelease|ARM64.ActiveCfg = Release|Any CPU
		{3B6F3FA0-D35D-49DB-90DA-709CC481CEEE}.ExportRelease|ARM64.Build.0 = Release|Any CPU
		{3B6F3FA0-D35D-49DB-90DA-709CC481CEEE}.ExportRelease|iPhone.ActiveCfg = Release|Any CPU
		{3B6F3FA0-D35D-49DB-90DA-709CC481CEEE}.ExportRelease|iPhone.Build.0 = Release|Any CPU
		{3B6F3FA0-D35D-49DB-90DA-709CC481CEEE}.ExportRelease|iPhoneSimulator.ActiveCfg = Release|Any CPU
		{3B6F3FA0-D35D-49DB-90DA-709CC481CEEE}.ExportRelease|iPhoneSimulator.Build.0 = Release|Any CPU
		{3B6F3FA0-D35D-49DB-90DA-709CC481CEEE}.ExportRelease|x64.ActiveCfg = Release|Any CPU
		{3B6F3FA0-D35D-49DB-90DA-709CC481CEEE}.ExportRelease|x64.Build.0 = Release|Any CPU
		{3B6F3FA0-D35D-49DB-90DA-709CC481CEEE}.ExportRelease|x86.ActiveCfg = Release|Any CPU
		{3B6F3FA0-D35D-49DB-90DA-709CC481CEEE}.ExportRelease|x86.Build.0 = Release|Any CPU
		{3B6F3FA0-D35D-49DB-90DA-709CC481CEEE}.Release|Any CPU.ActiveCfg = Release|Any CPU
		{3B6F3FA0-D35D-49DB-90DA-709CC481CEEE}.Release|Any CPU.Build.0 = Release|Any CPU
		{3B6F3FA0-D35D-49DB-90DA-709CC481CEEE}.Release|ARM.ActiveCfg = Release|Any CPU
		{3B6F3FA0-D35D-49DB-90DA-709CC481CEEE}.Release|ARM.Build.0 = Release|Any CPU
		{3B6F3FA0-D35D-49DB-90DA-709CC481CEEE}.Release|ARM64.ActiveCfg = Release|Any CPU
		{3B6F3FA0-D35D-49DB-90DA-709CC481CEEE}.Release|ARM64.Build.0 = Release|Any CPU
		{3B6F3FA0-D35D-49DB-90DA-709CC481CEEE}.Release|iPhone.ActiveCfg = Release|Any CPU
		{3B6F3FA0-D35D-49DB-90DA-709CC481CEEE}.Release|iPhone.Build.0 = Release|Any CPU
		{3B6F3FA0-D35D-49DB-90DA-709CC481CEEE}.Release|iPhoneSimulator.ActiveCfg = Release|Any CPU
		{3B6F3FA0-D35D-49DB-90DA-709CC481CEEE}.Release|iPhoneSimulator.Build.0 = Release|Any CPU
		{3B6F3FA0-D35D-49DB-90DA-709CC481CEEE}.Release|x64.ActiveCfg = Release|Any CPU
		{3B6F3FA0-D35D-49DB-90DA-709CC481CEEE}.Release|x64.Build.0 = Release|Any CPU
		{3B6F3FA0-D35D-49DB-90DA-709CC481CEEE}.Release|x86.ActiveCfg = Release|Any CPU
		{3B6F3FA0-D35D-49DB-90DA-709CC481CEEE}.Release|x86.Build.0 = Release|Any CPU
		{BDE9C3D2-5801-4BE1-B79E-63686D04CE0F}.Ad-Hoc|Any CPU.ActiveCfg = Release|Any CPU
		{BDE9C3D2-5801-4BE1-B79E-63686D04CE0F}.Ad-Hoc|Any CPU.Build.0 = Release|Any CPU
		{BDE9C3D2-5801-4BE1-B79E-63686D04CE0F}.Ad-Hoc|ARM.ActiveCfg = Release|Any CPU
		{BDE9C3D2-5801-4BE1-B79E-63686D04CE0F}.Ad-Hoc|ARM.Build.0 = Release|Any CPU
		{BDE9C3D2-5801-4BE1-B79E-63686D04CE0F}.Ad-Hoc|ARM64.ActiveCfg = Release|Any CPU
		{BDE9C3D2-5801-4BE1-B79E-63686D04CE0F}.Ad-Hoc|ARM64.Build.0 = Release|Any CPU
		{BDE9C3D2-5801-4BE1-B79E-63686D04CE0F}.Ad-Hoc|iPhone.ActiveCfg = Release|Any CPU
		{BDE9C3D2-5801-4BE1-B79E-63686D04CE0F}.Ad-Hoc|iPhone.Build.0 = Release|Any CPU
		{BDE9C3D2-5801-4BE1-B79E-63686D04CE0F}.Ad-Hoc|iPhoneSimulator.ActiveCfg = Release|Any CPU
		{BDE9C3D2-5801-4BE1-B79E-63686D04CE0F}.Ad-Hoc|iPhoneSimulator.Build.0 = Release|Any CPU
		{BDE9C3D2-5801-4BE1-B79E-63686D04CE0F}.Ad-Hoc|x64.ActiveCfg = Release|Any CPU
		{BDE9C3D2-5801-4BE1-B79E-63686D04CE0F}.Ad-Hoc|x64.Build.0 = Release|Any CPU
		{BDE9C3D2-5801-4BE1-B79E-63686D04CE0F}.Ad-Hoc|x86.ActiveCfg = Release|Any CPU
		{BDE9C3D2-5801-4BE1-B79E-63686D04CE0F}.Ad-Hoc|x86.Build.0 = Release|Any CPU
		{BDE9C3D2-5801-4BE1-B79E-63686D04CE0F}.AppStore|Any CPU.ActiveCfg = Release|Any CPU
		{BDE9C3D2-5801-4BE1-B79E-63686D04CE0F}.AppStore|Any CPU.Build.0 = Release|Any CPU
		{BDE9C3D2-5801-4BE1-B79E-63686D04CE0F}.AppStore|ARM.ActiveCfg = Release|Any CPU
		{BDE9C3D2-5801-4BE1-B79E-63686D04CE0F}.AppStore|ARM.Build.0 = Release|Any CPU
		{BDE9C3D2-5801-4BE1-B79E-63686D04CE0F}.AppStore|ARM64.ActiveCfg = Release|Any CPU
		{BDE9C3D2-5801-4BE1-B79E-63686D04CE0F}.AppStore|ARM64.Build.0 = Release|Any CPU
		{BDE9C3D2-5801-4BE1-B79E-63686D04CE0F}.AppStore|iPhone.ActiveCfg = Release|Any CPU
		{BDE9C3D2-5801-4BE1-B79E-63686D04CE0F}.AppStore|iPhone.Build.0 = Release|Any CPU
		{BDE9C3D2-5801-4BE1-B79E-63686D04CE0F}.AppStore|iPhoneSimulator.ActiveCfg = Release|Any CPU
		{BDE9C3D2-5801-4BE1-B79E-63686D04CE0F}.AppStore|iPhoneSimulator.Build.0 = Release|Any CPU
		{BDE9C3D2-5801-4BE1-B79E-63686D04CE0F}.AppStore|x64.ActiveCfg = Release|Any CPU
		{BDE9C3D2-5801-4BE1-B79E-63686D04CE0F}.AppStore|x64.Build.0 = Release|Any CPU
		{BDE9C3D2-5801-4BE1-B79E-63686D04CE0F}.AppStore|x86.ActiveCfg = Release|Any CPU
		{BDE9C3D2-5801-4BE1-B79E-63686D04CE0F}.AppStore|x86.Build.0 = Release|Any CPU
		{BDE9C3D2-5801-4BE1-B79E-63686D04CE0F}.Debug|Any CPU.ActiveCfg = Debug|Any CPU
		{BDE9C3D2-5801-4BE1-B79E-63686D04CE0F}.Debug|ARM.ActiveCfg = Debug|Any CPU
		{BDE9C3D2-5801-4BE1-B79E-63686D04CE0F}.Debug|ARM.Build.0 = Debug|Any CPU
		{BDE9C3D2-5801-4BE1-B79E-63686D04CE0F}.Debug|ARM64.ActiveCfg = Debug|Any CPU
		{BDE9C3D2-5801-4BE1-B79E-63686D04CE0F}.Debug|ARM64.Build.0 = Debug|Any CPU
		{BDE9C3D2-5801-4BE1-B79E-63686D04CE0F}.Debug|iPhone.ActiveCfg = Debug|Any CPU
		{BDE9C3D2-5801-4BE1-B79E-63686D04CE0F}.Debug|iPhone.Build.0 = Debug|Any CPU
		{BDE9C3D2-5801-4BE1-B79E-63686D04CE0F}.Debug|iPhoneSimulator.ActiveCfg = Debug|Any CPU
		{BDE9C3D2-5801-4BE1-B79E-63686D04CE0F}.Debug|iPhoneSimulator.Build.0 = Debug|Any CPU
		{BDE9C3D2-5801-4BE1-B79E-63686D04CE0F}.Debug|x64.ActiveCfg = Debug|Any CPU
		{BDE9C3D2-5801-4BE1-B79E-63686D04CE0F}.Debug|x64.Build.0 = Debug|Any CPU
		{BDE9C3D2-5801-4BE1-B79E-63686D04CE0F}.Debug|x86.ActiveCfg = Debug|Any CPU
		{BDE9C3D2-5801-4BE1-B79E-63686D04CE0F}.Debug|x86.Build.0 = Debug|Any CPU
		{BDE9C3D2-5801-4BE1-B79E-63686D04CE0F}.ExportDebug|Any CPU.ActiveCfg = Debug|Any CPU
		{BDE9C3D2-5801-4BE1-B79E-63686D04CE0F}.ExportDebug|Any CPU.Build.0 = Debug|Any CPU
		{BDE9C3D2-5801-4BE1-B79E-63686D04CE0F}.ExportDebug|ARM.ActiveCfg = Debug|Any CPU
		{BDE9C3D2-5801-4BE1-B79E-63686D04CE0F}.ExportDebug|ARM.Build.0 = Debug|Any CPU
		{BDE9C3D2-5801-4BE1-B79E-63686D04CE0F}.ExportDebug|ARM64.ActiveCfg = Debug|Any CPU
		{BDE9C3D2-5801-4BE1-B79E-63686D04CE0F}.ExportDebug|ARM64.Build.0 = Debug|Any CPU
		{BDE9C3D2-5801-4BE1-B79E-63686D04CE0F}.ExportDebug|iPhone.ActiveCfg = Debug|Any CPU
		{BDE9C3D2-5801-4BE1-B79E-63686D04CE0F}.ExportDebug|iPhone.Build.0 = Debug|Any CPU
		{BDE9C3D2-5801-4BE1-B79E-63686D04CE0F}.ExportDebug|iPhoneSimulator.ActiveCfg = Debug|Any CPU
		{BDE9C3D2-5801-4BE1-B79E-63686D04CE0F}.ExportDebug|iPhoneSimulator.Build.0 = Debug|Any CPU
		{BDE9C3D2-5801-4BE1-B79E-63686D04CE0F}.ExportDebug|x64.ActiveCfg = Debug|Any CPU
		{BDE9C3D2-5801-4BE1-B79E-63686D04CE0F}.ExportDebug|x64.Build.0 = Debug|Any CPU
		{BDE9C3D2-5801-4BE1-B79E-63686D04CE0F}.ExportDebug|x86.ActiveCfg = Debug|Any CPU
		{BDE9C3D2-5801-4BE1-B79E-63686D04CE0F}.ExportDebug|x86.Build.0 = Debug|Any CPU
		{BDE9C3D2-5801-4BE1-B79E-63686D04CE0F}.ExportRelease|Any CPU.ActiveCfg = Release|Any CPU
		{BDE9C3D2-5801-4BE1-B79E-63686D04CE0F}.ExportRelease|Any CPU.Build.0 = Release|Any CPU
		{BDE9C3D2-5801-4BE1-B79E-63686D04CE0F}.ExportRelease|ARM.ActiveCfg = Release|Any CPU
		{BDE9C3D2-5801-4BE1-B79E-63686D04CE0F}.ExportRelease|ARM.Build.0 = Release|Any CPU
		{BDE9C3D2-5801-4BE1-B79E-63686D04CE0F}.ExportRelease|ARM64.ActiveCfg = Release|Any CPU
		{BDE9C3D2-5801-4BE1-B79E-63686D04CE0F}.ExportRelease|ARM64.Build.0 = Release|Any CPU
		{BDE9C3D2-5801-4BE1-B79E-63686D04CE0F}.ExportRelease|iPhone.ActiveCfg = Release|Any CPU
		{BDE9C3D2-5801-4BE1-B79E-63686D04CE0F}.ExportRelease|iPhone.Build.0 = Release|Any CPU
		{BDE9C3D2-5801-4BE1-B79E-63686D04CE0F}.ExportRelease|iPhoneSimulator.ActiveCfg = Release|Any CPU
		{BDE9C3D2-5801-4BE1-B79E-63686D04CE0F}.ExportRelease|iPhoneSimulator.Build.0 = Release|Any CPU
		{BDE9C3D2-5801-4BE1-B79E-63686D04CE0F}.ExportRelease|x64.ActiveCfg = Release|Any CPU
		{BDE9C3D2-5801-4BE1-B79E-63686D04CE0F}.ExportRelease|x64.Build.0 = Release|Any CPU
		{BDE9C3D2-5801-4BE1-B79E-63686D04CE0F}.ExportRelease|x86.ActiveCfg = Release|Any CPU
		{BDE9C3D2-5801-4BE1-B79E-63686D04CE0F}.ExportRelease|x86.Build.0 = Release|Any CPU
		{BDE9C3D2-5801-4BE1-B79E-63686D04CE0F}.Release|Any CPU.ActiveCfg = Release|Any CPU
		{BDE9C3D2-5801-4BE1-B79E-63686D04CE0F}.Release|Any CPU.Build.0 = Release|Any CPU
		{BDE9C3D2-5801-4BE1-B79E-63686D04CE0F}.Release|ARM.ActiveCfg = Release|Any CPU
		{BDE9C3D2-5801-4BE1-B79E-63686D04CE0F}.Release|ARM.Build.0 = Release|Any CPU
		{BDE9C3D2-5801-4BE1-B79E-63686D04CE0F}.Release|ARM64.ActiveCfg = Release|Any CPU
		{BDE9C3D2-5801-4BE1-B79E-63686D04CE0F}.Release|ARM64.Build.0 = Release|Any CPU
		{BDE9C3D2-5801-4BE1-B79E-63686D04CE0F}.Release|iPhone.ActiveCfg = Release|Any CPU
		{BDE9C3D2-5801-4BE1-B79E-63686D04CE0F}.Release|iPhone.Build.0 = Release|Any CPU
		{BDE9C3D2-5801-4BE1-B79E-63686D04CE0F}.Release|iPhoneSimulator.ActiveCfg = Release|Any CPU
		{BDE9C3D2-5801-4BE1-B79E-63686D04CE0F}.Release|iPhoneSimulator.Build.0 = Release|Any CPU
		{BDE9C3D2-5801-4BE1-B79E-63686D04CE0F}.Release|x64.ActiveCfg = Release|Any CPU
		{BDE9C3D2-5801-4BE1-B79E-63686D04CE0F}.Release|x64.Build.0 = Release|Any CPU
		{BDE9C3D2-5801-4BE1-B79E-63686D04CE0F}.Release|x86.ActiveCfg = Release|Any CPU
		{BDE9C3D2-5801-4BE1-B79E-63686D04CE0F}.Release|x86.Build.0 = Release|Any CPU
		{85BE800A-7FDC-4442-9013-8993C2039516}.Ad-Hoc|Any CPU.ActiveCfg = Debug|Any CPU
		{85BE800A-7FDC-4442-9013-8993C2039516}.Ad-Hoc|Any CPU.Build.0 = Debug|Any CPU
		{85BE800A-7FDC-4442-9013-8993C2039516}.Ad-Hoc|ARM.ActiveCfg = Debug|Any CPU
		{85BE800A-7FDC-4442-9013-8993C2039516}.Ad-Hoc|ARM.Build.0 = Debug|Any CPU
		{85BE800A-7FDC-4442-9013-8993C2039516}.Ad-Hoc|ARM64.ActiveCfg = Debug|Any CPU
		{85BE800A-7FDC-4442-9013-8993C2039516}.Ad-Hoc|ARM64.Build.0 = Debug|Any CPU
		{85BE800A-7FDC-4442-9013-8993C2039516}.Ad-Hoc|iPhone.ActiveCfg = Debug|Any CPU
		{85BE800A-7FDC-4442-9013-8993C2039516}.Ad-Hoc|iPhone.Build.0 = Debug|Any CPU
		{85BE800A-7FDC-4442-9013-8993C2039516}.Ad-Hoc|iPhoneSimulator.ActiveCfg = Debug|Any CPU
		{85BE800A-7FDC-4442-9013-8993C2039516}.Ad-Hoc|iPhoneSimulator.Build.0 = Debug|Any CPU
		{85BE800A-7FDC-4442-9013-8993C2039516}.Ad-Hoc|x64.ActiveCfg = Debug|Any CPU
		{85BE800A-7FDC-4442-9013-8993C2039516}.Ad-Hoc|x64.Build.0 = Debug|Any CPU
		{85BE800A-7FDC-4442-9013-8993C2039516}.Ad-Hoc|x86.ActiveCfg = Debug|Any CPU
		{85BE800A-7FDC-4442-9013-8993C2039516}.Ad-Hoc|x86.Build.0 = Debug|Any CPU
		{85BE800A-7FDC-4442-9013-8993C2039516}.AppStore|Any CPU.ActiveCfg = Debug|Any CPU
		{85BE800A-7FDC-4442-9013-8993C2039516}.AppStore|Any CPU.Build.0 = Debug|Any CPU
		{85BE800A-7FDC-4442-9013-8993C2039516}.AppStore|ARM.ActiveCfg = Debug|Any CPU
		{85BE800A-7FDC-4442-9013-8993C2039516}.AppStore|ARM.Build.0 = Debug|Any CPU
		{85BE800A-7FDC-4442-9013-8993C2039516}.AppStore|ARM64.ActiveCfg = Debug|Any CPU
		{85BE800A-7FDC-4442-9013-8993C2039516}.AppStore|ARM64.Build.0 = Debug|Any CPU
		{85BE800A-7FDC-4442-9013-8993C2039516}.AppStore|iPhone.ActiveCfg = Debug|Any CPU
		{85BE800A-7FDC-4442-9013-8993C2039516}.AppStore|iPhone.Build.0 = Debug|Any CPU
		{85BE800A-7FDC-4442-9013-8993C2039516}.AppStore|iPhoneSimulator.ActiveCfg = Debug|Any CPU
		{85BE800A-7FDC-4442-9013-8993C2039516}.AppStore|iPhoneSimulator.Build.0 = Debug|Any CPU
		{85BE800A-7FDC-4442-9013-8993C2039516}.AppStore|x64.ActiveCfg = Debug|Any CPU
		{85BE800A-7FDC-4442-9013-8993C2039516}.AppStore|x64.Build.0 = Debug|Any CPU
		{85BE800A-7FDC-4442-9013-8993C2039516}.AppStore|x86.ActiveCfg = Debug|Any CPU
		{85BE800A-7FDC-4442-9013-8993C2039516}.AppStore|x86.Build.0 = Debug|Any CPU
		{85BE800A-7FDC-4442-9013-8993C2039516}.Debug|Any CPU.ActiveCfg = Release|Any CPU
		{85BE800A-7FDC-4442-9013-8993C2039516}.Debug|Any CPU.Build.0 = Release|Any CPU
		{85BE800A-7FDC-4442-9013-8993C2039516}.Debug|ARM.ActiveCfg = Debug|Any CPU
		{85BE800A-7FDC-4442-9013-8993C2039516}.Debug|ARM.Build.0 = Debug|Any CPU
		{85BE800A-7FDC-4442-9013-8993C2039516}.Debug|ARM64.ActiveCfg = Debug|Any CPU
		{85BE800A-7FDC-4442-9013-8993C2039516}.Debug|ARM64.Build.0 = Debug|Any CPU
		{85BE800A-7FDC-4442-9013-8993C2039516}.Debug|iPhone.ActiveCfg = Debug|Any CPU
		{85BE800A-7FDC-4442-9013-8993C2039516}.Debug|iPhone.Build.0 = Debug|Any CPU
		{85BE800A-7FDC-4442-9013-8993C2039516}.Debug|iPhoneSimulator.ActiveCfg = Debug|Any CPU
		{85BE800A-7FDC-4442-9013-8993C2039516}.Debug|iPhoneSimulator.Build.0 = Debug|Any CPU
		{85BE800A-7FDC-4442-9013-8993C2039516}.Debug|x64.ActiveCfg = Debug|Any CPU
		{85BE800A-7FDC-4442-9013-8993C2039516}.Debug|x64.Build.0 = Debug|Any CPU
		{85BE800A-7FDC-4442-9013-8993C2039516}.Debug|x86.ActiveCfg = Debug|Any CPU
		{85BE800A-7FDC-4442-9013-8993C2039516}.Debug|x86.Build.0 = Debug|Any CPU
		{85BE800A-7FDC-4442-9013-8993C2039516}.ExportDebug|Any CPU.ActiveCfg = Debug|Any CPU
		{85BE800A-7FDC-4442-9013-8993C2039516}.ExportDebug|Any CPU.Build.0 = Debug|Any CPU
		{85BE800A-7FDC-4442-9013-8993C2039516}.ExportDebug|ARM.ActiveCfg = Debug|Any CPU
		{85BE800A-7FDC-4442-9013-8993C2039516}.ExportDebug|ARM.Build.0 = Debug|Any CPU
		{85BE800A-7FDC-4442-9013-8993C2039516}.ExportDebug|ARM64.ActiveCfg = Debug|Any CPU
		{85BE800A-7FDC-4442-9013-8993C2039516}.ExportDebug|ARM64.Build.0 = Debug|Any CPU
		{85BE800A-7FDC-4442-9013-8993C2039516}.ExportDebug|iPhone.ActiveCfg = Debug|Any CPU
		{85BE800A-7FDC-4442-9013-8993C2039516}.ExportDebug|iPhone.Build.0 = Debug|Any CPU
		{85BE800A-7FDC-4442-9013-8993C2039516}.ExportDebug|iPhoneSimulator.ActiveCfg = Debug|Any CPU
		{85BE800A-7FDC-4442-9013-8993C2039516}.ExportDebug|iPhoneSimulator.Build.0 = Debug|Any CPU
		{85BE800A-7FDC-4442-9013-8993C2039516}.ExportDebug|x64.ActiveCfg = Debug|Any CPU
		{85BE800A-7FDC-4442-9013-8993C2039516}.ExportDebug|x64.Build.0 = Debug|Any CPU
		{85BE800A-7FDC-4442-9013-8993C2039516}.ExportDebug|x86.ActiveCfg = Debug|Any CPU
		{85BE800A-7FDC-4442-9013-8993C2039516}.ExportDebug|x86.Build.0 = Debug|Any CPU
		{85BE800A-7FDC-4442-9013-8993C2039516}.ExportRelease|Any CPU.ActiveCfg = Release|Any CPU
		{85BE800A-7FDC-4442-9013-8993C2039516}.ExportRelease|Any CPU.Build.0 = Release|Any CPU
		{85BE800A-7FDC-4442-9013-8993C2039516}.ExportRelease|ARM.ActiveCfg = Release|Any CPU
		{85BE800A-7FDC-4442-9013-8993C2039516}.ExportRelease|ARM.Build.0 = Release|Any CPU
		{85BE800A-7FDC-4442-9013-8993C2039516}.ExportRelease|ARM64.ActiveCfg = Release|Any CPU
		{85BE800A-7FDC-4442-9013-8993C2039516}.ExportRelease|ARM64.Build.0 = Release|Any CPU
		{85BE800A-7FDC-4442-9013-8993C2039516}.ExportRelease|iPhone.ActiveCfg = Release|Any CPU
		{85BE800A-7FDC-4442-9013-8993C2039516}.ExportRelease|iPhone.Build.0 = Release|Any CPU
		{85BE800A-7FDC-4442-9013-8993C2039516}.ExportRelease|iPhoneSimulator.ActiveCfg = Release|Any CPU
		{85BE800A-7FDC-4442-9013-8993C2039516}.ExportRelease|iPhoneSimulator.Build.0 = Release|Any CPU
		{85BE800A-7FDC-4442-9013-8993C2039516}.ExportRelease|x64.ActiveCfg = Release|Any CPU
		{85BE800A-7FDC-4442-9013-8993C2039516}.ExportRelease|x64.Build.0 = Release|Any CPU
		{85BE800A-7FDC-4442-9013-8993C2039516}.ExportRelease|x86.ActiveCfg = Release|Any CPU
		{85BE800A-7FDC-4442-9013-8993C2039516}.ExportRelease|x86.Build.0 = Release|Any CPU
		{85BE800A-7FDC-4442-9013-8993C2039516}.Release|Any CPU.ActiveCfg = Release|Any CPU
		{85BE800A-7FDC-4442-9013-8993C2039516}.Release|Any CPU.Build.0 = Release|Any CPU
		{85BE800A-7FDC-4442-9013-8993C2039516}.Release|ARM.ActiveCfg = Release|Any CPU
		{85BE800A-7FDC-4442-9013-8993C2039516}.Release|ARM.Build.0 = Release|Any CPU
		{85BE800A-7FDC-4442-9013-8993C2039516}.Release|ARM64.ActiveCfg = Release|Any CPU
		{85BE800A-7FDC-4442-9013-8993C2039516}.Release|ARM64.Build.0 = Release|Any CPU
		{85BE800A-7FDC-4442-9013-8993C2039516}.Release|iPhone.ActiveCfg = Release|Any CPU
		{85BE800A-7FDC-4442-9013-8993C2039516}.Release|iPhone.Build.0 = Release|Any CPU
		{85BE800A-7FDC-4442-9013-8993C2039516}.Release|iPhoneSimulator.ActiveCfg = Release|Any CPU
		{85BE800A-7FDC-4442-9013-8993C2039516}.Release|iPhoneSimulator.Build.0 = Release|Any CPU
		{85BE800A-7FDC-4442-9013-8993C2039516}.Release|x64.ActiveCfg = Release|Any CPU
		{85BE800A-7FDC-4442-9013-8993C2039516}.Release|x64.Build.0 = Release|Any CPU
		{85BE800A-7FDC-4442-9013-8993C2039516}.Release|x86.ActiveCfg = Release|Any CPU
		{85BE800A-7FDC-4442-9013-8993C2039516}.Release|x86.Build.0 = Release|Any CPU
		{D536E696-1452-4310-9326-F45A5815E9F1}.Ad-Hoc|Any CPU.ActiveCfg = Debug|Any CPU
		{D536E696-1452-4310-9326-F45A5815E9F1}.Ad-Hoc|Any CPU.Build.0 = Debug|Any CPU
		{D536E696-1452-4310-9326-F45A5815E9F1}.Ad-Hoc|ARM.ActiveCfg = Debug|Any CPU
		{D536E696-1452-4310-9326-F45A5815E9F1}.Ad-Hoc|ARM.Build.0 = Debug|Any CPU
		{D536E696-1452-4310-9326-F45A5815E9F1}.Ad-Hoc|ARM64.ActiveCfg = Debug|Any CPU
		{D536E696-1452-4310-9326-F45A5815E9F1}.Ad-Hoc|ARM64.Build.0 = Debug|Any CPU
		{D536E696-1452-4310-9326-F45A5815E9F1}.Ad-Hoc|iPhone.ActiveCfg = Debug|Any CPU
		{D536E696-1452-4310-9326-F45A5815E9F1}.Ad-Hoc|iPhone.Build.0 = Debug|Any CPU
		{D536E696-1452-4310-9326-F45A5815E9F1}.Ad-Hoc|iPhoneSimulator.ActiveCfg = Debug|Any CPU
		{D536E696-1452-4310-9326-F45A5815E9F1}.Ad-Hoc|iPhoneSimulator.Build.0 = Debug|Any CPU
		{D536E696-1452-4310-9326-F45A5815E9F1}.Ad-Hoc|x64.ActiveCfg = Debug|Any CPU
		{D536E696-1452-4310-9326-F45A5815E9F1}.Ad-Hoc|x64.Build.0 = Debug|Any CPU
		{D536E696-1452-4310-9326-F45A5815E9F1}.Ad-Hoc|x86.ActiveCfg = Debug|Any CPU
		{D536E696-1452-4310-9326-F45A5815E9F1}.Ad-Hoc|x86.Build.0 = Debug|Any CPU
		{D536E696-1452-4310-9326-F45A5815E9F1}.AppStore|Any CPU.ActiveCfg = Debug|Any CPU
		{D536E696-1452-4310-9326-F45A5815E9F1}.AppStore|Any CPU.Build.0 = Debug|Any CPU
		{D536E696-1452-4310-9326-F45A5815E9F1}.AppStore|ARM.ActiveCfg = Debug|Any CPU
		{D536E696-1452-4310-9326-F45A5815E9F1}.AppStore|ARM.Build.0 = Debug|Any CPU
		{D536E696-1452-4310-9326-F45A5815E9F1}.AppStore|ARM64.ActiveCfg = Debug|Any CPU
		{D536E696-1452-4310-9326-F45A5815E9F1}.AppStore|ARM64.Build.0 = Debug|Any CPU
		{D536E696-1452-4310-9326-F45A5815E9F1}.AppStore|iPhone.ActiveCfg = Debug|Any CPU
		{D536E696-1452-4310-9326-F45A5815E9F1}.AppStore|iPhone.Build.0 = Debug|Any CPU
		{D536E696-1452-4310-9326-F45A5815E9F1}.AppStore|iPhoneSimulator.ActiveCfg = Debug|Any CPU
		{D536E696-1452-4310-9326-F45A5815E9F1}.AppStore|iPhoneSimulator.Build.0 = Debug|Any CPU
		{D536E696-1452-4310-9326-F45A5815E9F1}.AppStore|x64.ActiveCfg = Debug|Any CPU
		{D536E696-1452-4310-9326-F45A5815E9F1}.AppStore|x64.Build.0 = Debug|Any CPU
		{D536E696-1452-4310-9326-F45A5815E9F1}.AppStore|x86.ActiveCfg = Debug|Any CPU
		{D536E696-1452-4310-9326-F45A5815E9F1}.AppStore|x86.Build.0 = Debug|Any CPU
		{D536E696-1452-4310-9326-F45A5815E9F1}.Debug|Any CPU.ActiveCfg = Debug|Any CPU
		{D536E696-1452-4310-9326-F45A5815E9F1}.Debug|Any CPU.Build.0 = Debug|Any CPU
		{D536E696-1452-4310-9326-F45A5815E9F1}.Debug|ARM.ActiveCfg = Debug|Any CPU
		{D536E696-1452-4310-9326-F45A5815E9F1}.Debug|ARM.Build.0 = Debug|Any CPU
		{D536E696-1452-4310-9326-F45A5815E9F1}.Debug|ARM64.ActiveCfg = Debug|Any CPU
		{D536E696-1452-4310-9326-F45A5815E9F1}.Debug|ARM64.Build.0 = Debug|Any CPU
		{D536E696-1452-4310-9326-F45A5815E9F1}.Debug|iPhone.ActiveCfg = Debug|Any CPU
		{D536E696-1452-4310-9326-F45A5815E9F1}.Debug|iPhone.Build.0 = Debug|Any CPU
		{D536E696-1452-4310-9326-F45A5815E9F1}.Debug|iPhoneSimulator.ActiveCfg = Debug|Any CPU
		{D536E696-1452-4310-9326-F45A5815E9F1}.Debug|iPhoneSimulator.Build.0 = Debug|Any CPU
		{D536E696-1452-4310-9326-F45A5815E9F1}.Debug|x64.ActiveCfg = Debug|Any CPU
		{D536E696-1452-4310-9326-F45A5815E9F1}.Debug|x64.Build.0 = Debug|Any CPU
		{D536E696-1452-4310-9326-F45A5815E9F1}.Debug|x86.ActiveCfg = Debug|Any CPU
		{D536E696-1452-4310-9326-F45A5815E9F1}.Debug|x86.Build.0 = Debug|Any CPU
		{D536E696-1452-4310-9326-F45A5815E9F1}.ExportDebug|Any CPU.ActiveCfg = ExportDebug|Any CPU
		{D536E696-1452-4310-9326-F45A5815E9F1}.ExportDebug|Any CPU.Build.0 = ExportDebug|Any CPU
		{D536E696-1452-4310-9326-F45A5815E9F1}.ExportDebug|ARM.ActiveCfg = ExportDebug|Any CPU
		{D536E696-1452-4310-9326-F45A5815E9F1}.ExportDebug|ARM.Build.0 = ExportDebug|Any CPU
		{D536E696-1452-4310-9326-F45A5815E9F1}.ExportDebug|ARM64.ActiveCfg = ExportDebug|Any CPU
		{D536E696-1452-4310-9326-F45A5815E9F1}.ExportDebug|ARM64.Build.0 = ExportDebug|Any CPU
		{D536E696-1452-4310-9326-F45A5815E9F1}.ExportDebug|iPhone.ActiveCfg = ExportDebug|Any CPU
		{D536E696-1452-4310-9326-F45A5815E9F1}.ExportDebug|iPhone.Build.0 = ExportDebug|Any CPU
		{D536E696-1452-4310-9326-F45A5815E9F1}.ExportDebug|iPhoneSimulator.ActiveCfg = ExportDebug|Any CPU
		{D536E696-1452-4310-9326-F45A5815E9F1}.ExportDebug|iPhoneSimulator.Build.0 = ExportDebug|Any CPU
		{D536E696-1452-4310-9326-F45A5815E9F1}.ExportDebug|x64.ActiveCfg = ExportDebug|Any CPU
		{D536E696-1452-4310-9326-F45A5815E9F1}.ExportDebug|x64.Build.0 = ExportDebug|Any CPU
		{D536E696-1452-4310-9326-F45A5815E9F1}.ExportDebug|x86.ActiveCfg = ExportDebug|Any CPU
		{D536E696-1452-4310-9326-F45A5815E9F1}.ExportDebug|x86.Build.0 = ExportDebug|Any CPU
		{D536E696-1452-4310-9326-F45A5815E9F1}.ExportRelease|Any CPU.ActiveCfg = ExportRelease|Any CPU
		{D536E696-1452-4310-9326-F45A5815E9F1}.ExportRelease|Any CPU.Build.0 = ExportRelease|Any CPU
		{D536E696-1452-4310-9326-F45A5815E9F1}.ExportRelease|ARM.ActiveCfg = ExportRelease|Any CPU
		{D536E696-1452-4310-9326-F45A5815E9F1}.ExportRelease|ARM.Build.0 = ExportRelease|Any CPU
		{D536E696-1452-4310-9326-F45A5815E9F1}.ExportRelease|ARM64.ActiveCfg = ExportRelease|Any CPU
		{D536E696-1452-4310-9326-F45A5815E9F1}.ExportRelease|ARM64.Build.0 = ExportRelease|Any CPU
		{D536E696-1452-4310-9326-F45A5815E9F1}.ExportRelease|iPhone.ActiveCfg = ExportRelease|Any CPU
		{D536E696-1452-4310-9326-F45A5815E9F1}.ExportRelease|iPhone.Build.0 = ExportRelease|Any CPU
		{D536E696-1452-4310-9326-F45A5815E9F1}.ExportRelease|iPhoneSimulator.ActiveCfg = ExportRelease|Any CPU
		{D536E696-1452-4310-9326-F45A5815E9F1}.ExportRelease|iPhoneSimulator.Build.0 = ExportRelease|Any CPU
		{D536E696-1452-4310-9326-F45A5815E9F1}.ExportRelease|x64.ActiveCfg = ExportRelease|Any CPU
		{D536E696-1452-4310-9326-F45A5815E9F1}.ExportRelease|x64.Build.0 = ExportRelease|Any CPU
		{D536E696-1452-4310-9326-F45A5815E9F1}.ExportRelease|x86.ActiveCfg = ExportRelease|Any CPU
		{D536E696-1452-4310-9326-F45A5815E9F1}.ExportRelease|x86.Build.0 = ExportRelease|Any CPU
		{D536E696-1452-4310-9326-F45A5815E9F1}.Release|Any CPU.ActiveCfg = ExportRelease|Any CPU
		{D536E696-1452-4310-9326-F45A5815E9F1}.Release|Any CPU.Build.0 = ExportRelease|Any CPU
		{D536E696-1452-4310-9326-F45A5815E9F1}.Release|ARM.ActiveCfg = ExportRelease|Any CPU
		{D536E696-1452-4310-9326-F45A5815E9F1}.Release|ARM.Build.0 = ExportRelease|Any CPU
		{D536E696-1452-4310-9326-F45A5815E9F1}.Release|ARM64.ActiveCfg = ExportRelease|Any CPU
		{D536E696-1452-4310-9326-F45A5815E9F1}.Release|ARM64.Build.0 = ExportRelease|Any CPU
		{D536E696-1452-4310-9326-F45A5815E9F1}.Release|iPhone.ActiveCfg = ExportRelease|Any CPU
		{D536E696-1452-4310-9326-F45A5815E9F1}.Release|iPhone.Build.0 = ExportRelease|Any CPU
		{D536E696-1452-4310-9326-F45A5815E9F1}.Release|iPhoneSimulator.ActiveCfg = ExportRelease|Any CPU
		{D536E696-1452-4310-9326-F45A5815E9F1}.Release|iPhoneSimulator.Build.0 = ExportRelease|Any CPU
		{D536E696-1452-4310-9326-F45A5815E9F1}.Release|x64.ActiveCfg = ExportRelease|Any CPU
		{D536E696-1452-4310-9326-F45A5815E9F1}.Release|x64.Build.0 = ExportRelease|Any CPU
		{D536E696-1452-4310-9326-F45A5815E9F1}.Release|x86.ActiveCfg = ExportRelease|Any CPU
		{D536E696-1452-4310-9326-F45A5815E9F1}.Release|x86.Build.0 = ExportRelease|Any CPU
	EndGlobalSection
	GlobalSection(SolutionProperties) = preSolution
		HideSolutionNode = FALSE
	EndGlobalSection
	GlobalSection(NestedProjects) = preSolution
		{BDE9C3D2-5801-4BE1-B79E-63686D04CE0F} = {2E9ED2C0-0C15-4890-8070-4A3B8A5C7704}
		{D536E696-1452-4310-9326-F45A5815E9F1} = {2E9ED2C0-0C15-4890-8070-4A3B8A5C7704}
	EndGlobalSection
	GlobalSection(ExtensibilityGlobals) = postSolution
		SolutionGuid = {2040E57B-591B-4849-BD29-B4583C81F167}
	EndGlobalSection
EndGlobal
